// !$*UTF8*$!
{
	archiveVersion = 1;
	classes = {
	};
	objectVersion = 55;
	objects = {

/* Begin PBXBuildFile section */
		039C0091283AA1C1002C836F /* AppDelegate.swift in Sources */ = {isa = PBXBuildFile; fileRef = 039C0090283AA1C1002C836F /* AppDelegate.swift */; };
		039C0093283AA1C1002C836F /* SceneDelegate.swift in Sources */ = {isa = PBXBuildFile; fileRef = 039C0092283AA1C1002C836F /* SceneDelegate.swift */; };
		039C0095283AA1C1002C836F /* ViewController.swift in Sources */ = {isa = PBXBuildFile; fileRef = 039C0094283AA1C1002C836F /* ViewController.swift */; };
		039C0098283AA1C1002C836F /* Main.storyboard in Resources */ = {isa = PBXBuildFile; fileRef = 039C0096283AA1C1002C836F /* Main.storyboard */; };
		039C009B283AA1C1002C836F /* _words.xcdatamodeld in Sources */ = {isa = PBXBuildFile; fileRef = 039C0099283AA1C1002C836F /* _words.xcdatamodeld */; };
		039C009D283AA1C3002C836F /* Assets.xcassets in Resources */ = {isa = PBXBuildFile; fileRef = 039C009C283AA1C3002C836F /* Assets.xcassets */; };
		039C00A0283AA1C3002C836F /* LaunchScreen.storyboard in Resources */ = {isa = PBXBuildFile; fileRef = 039C009E283AA1C3002C836F /* LaunchScreen.storyboard */; };
		039C00AB283F701F002C836F /* model.swift in Sources */ = {isa = PBXBuildFile; fileRef = 039C00AA283F701F002C836F /* model.swift */; };
/* End PBXBuildFile section */

/* Begin PBXFileReference section */
		039C008D283AA1C1002C836F /* 5words.app */ = {isa = PBXFileReference; explicitFileType = wrapper.application; includeInIndex = 0; path = 5words.app; sourceTree = BUILT_PRODUCTS_DIR; };
		039C0090283AA1C1002C836F /* AppDelegate.swift */ = {isa = PBXFileReference; lastKnownFileType = sourcecode.swift; path = AppDelegate.swift; sourceTree = "<group>"; };
		039C0092283AA1C1002C836F /* SceneDelegate.swift */ = {isa = PBXFileReference; lastKnownFileType = sourcecode.swift; path = SceneDelegate.swift; sourceTree = "<group>"; };
		039C0094283AA1C1002C836F /* ViewController.swift */ = {isa = PBXFileReference; lastKnownFileType = sourcecode.swift; path = ViewController.swift; sourceTree = "<group>"; };
		039C0097283AA1C1002C836F /* Base */ = {isa = PBXFileReference; lastKnownFileType = file.storyboard; name = Base; path = Base.lproj/Main.storyboard; sourceTree = "<group>"; };
		039C009A283AA1C1002C836F /* _words.xcdatamodel */ = {isa = PBXFileReference; lastKnownFileType = wrapper.xcdatamodel; path = _words.xcdatamodel; sourceTree = "<group>"; };
		039C009C283AA1C3002C836F /* Assets.xcassets */ = {isa = PBXFileReference; lastKnownFileType = folder.assetcatalog; path = Assets.xcassets; sourceTree = "<group>"; };
		039C009F283AA1C3002C836F /* Base */ = {isa = PBXFileReference; lastKnownFileType = file.storyboard; name = Base; path = Base.lproj/LaunchScreen.storyboard; sourceTree = "<group>"; };
		039C00A1283AA1C3002C836F /* Info.plist */ = {isa = PBXFileReference; lastKnownFileType = text.plist.xml; path = Info.plist; sourceTree = "<group>"; };
		039C00AA283F701F002C836F /* model.swift */ = {isa = PBXFileReference; lastKnownFileType = sourcecode.swift; path = model.swift; sourceTree = "<group>"; };
/* End PBXFileReference section */

/* Begin PBXFrameworksBuildPhase section */
		039C008A283AA1C1002C836F /* Frameworks */ = {
			isa = PBXFrameworksBuildPhase;
			buildActionMask = 2147483647;
			files = (
			);
			runOnlyForDeploymentPostprocessing = 0;
		};
/* End PBXFrameworksBuildPhase section */

/* Begin PBXGroup section */
		039C0084283AA1C1002C836F = {
			isa = PBXGroup;
			children = (
				039C00AA283F701F002C836F /* model.swift */,
				039C008F283AA1C1002C836F /* 5words */,
				039C008E283AA1C1002C836F /* Products */,
			);
			sourceTree = "<group>";
		};
		039C008E283AA1C1002C836F /* Products */ = {
			isa = PBXGroup;
			children = (
				039C008D283AA1C1002C836F /* 5words.app */,
			);
			name = Products;
			sourceTree = "<group>";
		};
		039C008F283AA1C1002C836F /* 5words */ = {
			isa = PBXGroup;
			children = (
				039C0090283AA1C1002C836F /* AppDelegate.swift */,
				039C0092283AA1C1002C836F /* SceneDelegate.swift */,
				039C0094283AA1C1002C836F /* ViewController.swift */,
				039C0096283AA1C1002C836F /* Main.storyboard */,
				039C009C283AA1C3002C836F /* Assets.xcassets */,
				039C009E283AA1C3002C836F /* LaunchScreen.storyboard */,
				039C00A1283AA1C3002C836F /* Info.plist */,
				039C0099283AA1C1002C836F /* _words.xcdatamodeld */,
			);
			path = 5words;
			sourceTree = "<group>";
		};
/* End PBXGroup section */

/* Begin PBXNativeTarget section */
		039C008C283AA1C1002C836F /* 5words */ = {
			isa = PBXNativeTarget;
			buildConfigurationList = 039C00A4283AA1C3002C836F /* Build configuration list for PBXNativeTarget "5words" */;
			buildPhases = (
				039C0089283AA1C1002C836F /* Sources */,
				039C008A283AA1C1002C836F /* Frameworks */,
				039C008B283AA1C1002C836F /* Resources */,
			);
			buildRules = (
			);
			dependencies = (
			);
			name = 5words;
			packageProductDependencies = (
			);
			productName = 5words;
			productReference = 039C008D283AA1C1002C836F /* 5words.app */;
			productType = "com.apple.product-type.application";
		};
/* End PBXNativeTarget section */

/* Begin PBXProject section */
		039C0085283AA1C1002C836F /* Project object */ = {
			isa = PBXProject;
			attributes = {
				BuildIndependentTargetsInParallel = 1;
				LastSwiftUpdateCheck = 1340;
				LastUpgradeCheck = 1340;
				TargetAttributes = {
					039C008C283AA1C1002C836F = {
						CreatedOnToolsVersion = 13.4;
					};
				};
			};
			buildConfigurationList = 039C0088283AA1C1002C836F /* Build configuration list for PBXProject "5words" */;
			compatibilityVersion = "Xcode 13.0";
			developmentRegion = en;
			hasScannedForEncodings = 0;
			knownRegions = (
				en,
				Base,
			);
			mainGroup = 039C0084283AA1C1002C836F;
			packageReferences = (
			);
			productRefGroup = 039C008E283AA1C1002C836F /* Products */;
			projectDirPath = "";
			projectRoot = "";
			targets = (
				039C008C283AA1C1002C836F /* 5words */,
			);
		};
/* End PBXProject section */

/* Begin PBXResourcesBuildPhase section */
		039C008B283AA1C1002C836F /* Resources */ = {
			isa = PBXResourcesBuildPhase;
			buildActionMask = 2147483647;
			files = (
				039C00A0283AA1C3002C836F /* LaunchScreen.storyboard in Resources */,
				039C009D283AA1C3002C836F /* Assets.xcassets in Resources */,
				039C0098283AA1C1002C836F /* Main.storyboard in Resources */,
			);
			runOnlyForDeploymentPostprocessing = 0;
		};
/* End PBXResourcesBuildPhase section */

/* Begin PBXSourcesBuildPhase section */
		039C0089283AA1C1002C836F /* Sources */ = {
			isa = PBXSourcesBuildPhase;
			buildActionMask = 2147483647;
			files = (
				039C00AB283F701F002C836F /* model.swift in Sources */,
				039C0095283AA1C1002C836F /* ViewController.swift in Sources */,
				039C009B283AA1C1002C836F /* _words.xcdatamodeld in Sources */,
				039C0091283AA1C1002C836F /* AppDelegate.swift in Sources */,
				039C0093283AA1C1002C836F /* SceneDelegate.swift in Sources */,
			);
			runOnlyForDeploymentPostprocessing = 0;
		};
/* End PBXSourcesBuildPhase section */

/* Begin PBXVariantGroup section */
		039C0096283AA1C1002C836F /* Main.storyboard */ = {
			isa = PBXVariantGroup;
			children = (
				039C0097283AA1C1002C836F /* Base */,
			);
			name = Main.storyboard;
			sourceTree = "<group>";
		};
		039C009E283AA1C3002C836F /* LaunchScreen.storyboard */ = {
			isa = PBXVariantGroup;
			children = (
				039C009F283AA1C3002C836F /* Base */,
			);
			name = LaunchScreen.storyboard;
			sourceTree = "<group>";
		};
/* End PBXVariantGroup section */

/* Begin XCBuildConfiguration section */
		039C00A2283AA1C3002C836F /* Debug */ = {
			isa = XCBuildConfiguration;
			buildSettings = {
				ALWAYS_SEARCH_USER_PATHS = NO;
				CLANG_ANALYZER_NONNULL = YES;
				CLANG_ANALYZER_NUMBER_OBJECT_CONVERSION = YES_AGGRESSIVE;
				CLANG_CXX_LANGUAGE_STANDARD = "gnu++17";
				CLANG_ENABLE_MODULES = YES;
				CLANG_ENABLE_OBJC_ARC = YES;
				CLANG_ENABLE_OBJC_WEAK = YES;
				CLANG_WARN_BLOCK_CAPTURE_AUTORELEASING = YES;
				CLANG_WARN_BOOL_CONVERSION = YES;
				CLANG_WARN_COMMA = YES;
				CLANG_WARN_CONSTANT_CONVERSION = YES;
				CLANG_WARN_DEPRECATED_OBJC_IMPLEMENTATIONS = YES;
				CLANG_WARN_DIRECT_OBJC_ISA_USAGE = YES_ERROR;
				CLANG_WARN_DOCUMENTATION_COMMENTS = YES;
				CLANG_WARN_EMPTY_BODY = YES;
				CLANG_WARN_ENUM_CONVERSION = YES;
				CLANG_WARN_INFINITE_RECURSION = YES;
				CLANG_WARN_INT_CONVERSION = YES;
				CLANG_WARN_NON_LITERAL_NULL_CONVERSION = YES;
				CLANG_WARN_OBJC_IMPLICIT_RETAIN_SELF = YES;
				CLANG_WARN_OBJC_LITERAL_CONVERSION = YES;
				CLANG_WARN_OBJC_ROOT_CLASS = YES_ERROR;
				CLANG_WARN_QUOTED_INCLUDE_IN_FRAMEWORK_HEADER = YES;
				CLANG_WARN_RANGE_LOOP_ANALYSIS = YES;
				CLANG_WARN_STRICT_PROTOTYPES = YES;
				CLANG_WARN_SUSPICIOUS_MOVE = YES;
				CLANG_WARN_UNGUARDED_AVAILABILITY = YES_AGGRESSIVE;
				CLANG_WARN_UNREACHABLE_CODE = YES;
				CLANG_WARN__DUPLICATE_METHOD_MATCH = YES;
				COPY_PHASE_STRIP = NO;
				DEBUG_INFORMATION_FORMAT = dwarf;
				ENABLE_STRICT_OBJC_MSGSEND = YES;
				ENABLE_TESTABILITY = YES;
				GCC_C_LANGUAGE_STANDARD = gnu11;
				GCC_DYNAMIC_NO_PIC = NO;
				GCC_NO_COMMON_BLOCKS = YES;
				GCC_OPTIMIZATION_LEVEL = 0;
				GCC_PREPROCESSOR_DEFINITIONS = (
					"DEBUG=1",
					"$(inherited)",
				);
				GCC_WARN_64_TO_32_BIT_CONVERSION = YES;
				GCC_WARN_ABOUT_RETURN_TYPE = YES_ERROR;
				GCC_WARN_UNDECLARED_SELECTOR = YES;
				GCC_WARN_UNINITIALIZED_AUTOS = YES_AGGRESSIVE;
				GCC_WARN_UNUSED_FUNCTION = YES;
				GCC_WARN_UNUSED_VARIABLE = YES;
				IPHONEOS_DEPLOYMENT_TARGET = 15.5;
				MTL_ENABLE_DEBUG_INFO = INCLUDE_SOURCE;
				MTL_FAST_MATH = YES;
				ONLY_ACTIVE_ARCH = YES;
				SDKROOT = iphoneos;
				SWIFT_ACTIVE_COMPILATION_CONDITIONS = DEBUG;
				SWIFT_OPTIMIZATION_LEVEL = "-Onone";
			};
			name = Debug;
		};
		039C00A3283AA1C3002C836F /* Release */ = {
			isa = XCBuildConfiguration;
			buildSettings = {
				ALWAYS_SEARCH_USER_PATHS = NO;
				CLANG_ANALYZER_NONNULL = YES;
				CLANG_ANALYZER_NUMBER_OBJECT_CONVERSION = YES_AGGRESSIVE;
				CLANG_CXX_LANGUAGE_STANDARD = "gnu++17";
				CLANG_ENABLE_MODULES = YES;
				CLANG_ENABLE_OBJC_ARC = YES;
				CLANG_ENABLE_OBJC_WEAK = YES;
				CLANG_WARN_BLOCK_CAPTURE_AUTORELEASING = YES;
				CLANG_WARN_BOOL_CONVERSION = YES;
				CLANG_WARN_COMMA = YES;
				CLANG_WARN_CONSTANT_CONVERSION = YES;
				CLANG_WARN_DEPRECATED_OBJC_IMPLEMENTATIONS = YES;
				CLANG_WARN_DIRECT_OBJC_ISA_USAGE = YES_ERROR;
				CLANG_WARN_DOCUMENTATION_COMMENTS = YES;
				CLANG_WARN_EMPTY_BODY = YES;
				CLANG_WARN_ENUM_CONVERSION = YES;
				CLANG_WARN_INFINITE_RECURSION = YES;
				CLANG_WARN_INT_CONVERSION = YES;
				CLANG_WARN_NON_LITERAL_NULL_CONVERSION = YES;
				CLANG_WARN_OBJC_IMPLICIT_RETAIN_SELF = YES;
				CLANG_WARN_OBJC_LITERAL_CONVERSION = YES;
				CLANG_WARN_OBJC_ROOT_CLASS = YES_ERROR;
				CLANG_WARN_QUOTED_INCLUDE_IN_FRAMEWORK_HEADER = YES;
				CLANG_WARN_RANGE_LOOP_ANALYSIS = YES;
				CLANG_WARN_STRICT_PROTOTYPES = YES;
				CLANG_WARN_SUSPICIOUS_MOVE = YES;
				CLANG_WARN_UNGUARDED_AVAILABILITY = YES_AGGRESSIVE;
				CLANG_WARN_UNREACHABLE_CODE = YES;
				CLANG_WARN__DUPLICATE_METHOD_MATCH = YES;
				COPY_PHASE_STRIP = NO;
				DEBUG_INFORMATION_FORMAT = "dwarf-with-dsym";
				ENABLE_NS_ASSERTIONS = NO;
				ENABLE_STRICT_OBJC_MSGSEND = YES;
				GCC_C_LANGUAGE_STANDARD = gnu11;
				GCC_NO_COMMON_BLOCKS = YES;
				GCC_WARN_64_TO_32_BIT_CONVERSION = YES;
				GCC_WARN_ABOUT_RETURN_TYPE = YES_ERROR;
				GCC_WARN_UNDECLARED_SELECTOR = YES;
				GCC_WARN_UNINITIALIZED_AUTOS = YES_AGGRESSIVE;
				GCC_WARN_UNUSED_FUNCTION = YES;
				GCC_WARN_UNUSED_VARIABLE = YES;
				IPHONEOS_DEPLOYMENT_TARGET = 15.5;
				MTL_ENABLE_DEBUG_INFO = NO;
				MTL_FAST_MATH = YES;
				SDKROOT = iphoneos;
				SWIFT_COMPILATION_MODE = wholemodule;
				SWIFT_OPTIMIZATION_LEVEL = "-O";
				VALIDATE_PRODUCT = YES;
			};
			name = Release;
		};
		039C00A5283AA1C3002C836F /* Debug */ = {
			isa = XCBuildConfiguration;
			buildSettings = {
				ASSETCATALOG_COMPILER_APPICON_NAME = AppIcon;
				ASSETCATALOG_COMPILER_GLOBAL_ACCENT_COLOR_NAME = AccentColor;
				CODE_SIGN_STYLE = Automatic;
				CURRENT_PROJECT_VERSION = 1;
				GENERATE_INFOPLIST_FILE = YES;
				INFOPLIST_FILE = 5words/Info.plist;
				INFOPLIST_KEY_UIApplicationSupportsIndirectInputEvents = YES;
				INFOPLIST_KEY_UILaunchStoryboardName = LaunchScreen;
				INFOPLIST_KEY_UIMainStoryboardFile = Main;
				INFOPLIST_KEY_UISupportedInterfaceOrientations_iPad = "UIInterfaceOrientationPortrait UIInterfaceOrientationPortraitUpsideDown UIInterfaceOrientationLandscapeLeft UIInterfaceOrientationLandscapeRight";
				INFOPLIST_KEY_UISupportedInterfaceOrientations_iPhone = "UIInterfaceOrientationPortrait UIInterfaceOrientationLandscapeLeft UIInterfaceOrientationLandscapeRight";
				LD_RUNPATH_SEARCH_PATHS = (
					"$(inherited)",
					"@executable_path/Frameworks",
				);
				MARKETING_VERSION = 1.0;
				PRODUCT_BUNDLE_IDENTIFIER = "-.-words";
				PRODUCT_NAME = "$(TARGET_NAME)";
				SWIFT_EMIT_LOC_STRINGS = YES;
				SWIFT_VERSION = 5.0;
				TARGETED_DEVICE_FAMILY = "1,2";
			};
			name = Debug;
		};
		039C00A6283AA1C3002C836F /* Release */ = {
			isa = XCBuildConfiguration;
			buildSettings = {
				ASSETCATALOG_COMPILER_APPICON_NAME = AppIcon;
				ASSETCATALOG_COMPILER_GLOBAL_ACCENT_COLOR_NAME = AccentColor;
				CODE_SIGN_STYLE = Automatic;
				CURRENT_PROJECT_VERSION = 1;
				GENERATE_INFOPLIST_FILE = YES;
				INFOPLIST_FILE = 5words/Info.plist;
				INFOPLIST_KEY_UIApplicationSupportsIndirectInputEvents = YES;
				INFOPLIST_KEY_UILaunchStoryboardName = LaunchScreen;
				INFOPLIST_KEY_UIMainStoryboardFile = Main;
				INFOPLIST_KEY_UISupportedInterfaceOrientations_iPad = "UIInterfaceOrientationPortrait UIInterfaceOrientationPortraitUpsideDown UIInterfaceOrientationLandscapeLeft UIInterfaceOrientationLandscapeRight";
				INFOPLIST_KEY_UISupportedInterfaceOrientations_iPhone = "UIInterfaceOrientationPortrait UIInterfaceOrientationLandscapeLeft UIInterfaceOrientationLandscapeRight";
				LD_RUNPATH_SEARCH_PATHS = (
					"$(inherited)",
					"@executable_path/Frameworks",
				);
				MARKETING_VERSION = 1.0;
				PRODUCT_BUNDLE_IDENTIFIER = "-.-words";
				PRODUCT_NAME = "$(TARGET_NAME)";
				SWIFT_EMIT_LOC_STRINGS = YES;
				SWIFT_VERSION = 5.0;
				TARGETED_DEVICE_FAMILY = "1,2";
			};
			name = Release;
		};
/* End XCBuildConfiguration section */

/* Begin XCConfigurationList section */
		039C0088283AA1C1002C836F /* Build configuration list for PBXProject "5words" */ = {
			isa = XCConfigurationList;
			buildConfigurations = (
				039C00A2283AA1C3002C836F /* Debug */,
				039C00A3283AA1C3002C836F /* Release */,
			);
			defaultConfigurationIsVisible = 0;
			defaultConfigurationName = Release;
		};
		039C00A4283AA1C3002C836F /* Build configuration list for PBXNativeTarget "5words" */ = {
			isa = XCConfigurationList;
			buildConfigurations = (
				039C00A5283AA1C3002C836F /* Debug */,
				039C00A6283AA1C3002C836F /* Release */,
			);
			defaultConfigurationIsVisible = 0;
			defaultConfigurationName = Release;
		};
/* End XCConfigurationList section */

/* Begin XCVersionGroup section */
		039C0099283AA1C1002C836F /* _words.xcdatamodeld */ = {
			isa = XCVersionGroup;
			children = (
				039C009A283AA1C1002C836F /* _words.xcdatamodel */,
			);
			currentVersion = 039C009A283AA1C1002C836F /* _words.xcdatamodel */;
			path = _words.xcdatamodeld;
			sourceTree = "<group>";
			versionGroupType = wrapper.xcdatamodel;
		};
/* End XCVersionGroup section */
	};
	rootObject = 039C0085283AA1C1002C836F /* Project object */;
}
